
Microsoft Visual Studio Solution File, Format Version 12.00
# Visual Studio Version 17
VisualStudioVersion = 17.7.34202.233
MinimumVisualStudioVersion = 10.0.40219.1
Project("{FAE04EC0-301F-11D3-BF4B-00C04F79EFBC}") = "StudentLatestUpdate", "StudentLatestUpdate\StudentLatestUpdate.csproj", "{D17CC9C6-CC9C-41FA-AF94-9FD6DBCFC76D}"
EndProject
Global
	GlobalSection(SolutionConfigurationPlatforms) = preSolution
		Debug|Any CPU = Debug|Any CPU
		Release|Any CPU = Release|Any CPU
	EndGlobalSection
	GlobalSection(ProjectConfigurationPlatforms) = postSolution
		{D17CC9C6-CC9C-41FA-AF94-9FD6DBCFC76D}.Debug|Any CPU.ActiveCfg = Debug|Any CPU
		{D17CC9C6-CC9C-41FA-AF94-9FD6DBCFC76D}.Debug|Any CPU.Build.0 = Debug|Any CPU
		{D17CC9C6-CC9C-41FA-AF94-9FD6DBCFC76D}.Release|Any CPU.ActiveCfg = Release|Any CPU
		{D17CC9C6-CC9C-41FA-AF94-9FD6DBCFC76D}.Release|Any CPU.Build.0 = Release|Any CPU
	EndGlobalSection
	GlobalSection(SolutionProperties) = preSolution
		HideSolutionNode = FALSE
	EndGlobalSection
	GlobalSection(ExtensibilityGlobals) = postSolution
		SolutionGuid = {A16DA08D-2CFE-47F3-9DAB-DAC9C4E9A712}
	EndGlobalSection
EndGlobal
